
Microsoft Visual Studio Solution File, Format Version 12.00
# Visual Studio Version 16
VisualStudioVersion = 16.0.28803.202
MinimumVisualStudioVersion = 10.0.40219.1
Project("{FAE04EC0-301F-11D3-BF4B-00C04F79EFBC}") = "calculator", "calculator\calculator.csproj", "{F681267A-1CF7-482E-9641-BD5BDD429A19}"
EndProject
Global
	GlobalSection(SolutionConfigurationPlatforms) = preSolution
		Debug|Any CPU = Debug|Any CPU
		Release|Any CPU = Release|Any CPU
	EndGlobalSection
	GlobalSection(ProjectConfigurationPlatforms) = postSolution
		{F681267A-1CF7-482E-9641-BD5BDD429A19}.Debug|Any CPU.ActiveCfg = Debug|Any CPU
		{F681267A-1CF7-482E-9641-BD5BDD429A19}.Debug|Any CPU.Build.0 = Debug|Any CPU
		{F681267A-1CF7-482E-9641-BD5BDD429A19}.Release|Any CPU.ActiveCfg = Release|Any CPU
		{F681267A-1CF7-482E-9641-BD5BDD429A19}.Release|Any CPU.Build.0 = Release|Any CPU
	EndGlobalSection
	GlobalSection(SolutionProperties) = preSolution
		HideSolutionNode = FALSE
	EndGlobalSection
	GlobalSection(ExtensibilityGlobals) = postSolution
		SolutionGuid = {799CA585-DD18-4EEA-8EA4-68F2621D4134}
	EndGlobalSection
EndGlobal
